{
  "pins" : [
    {
      "identity" : "capacitor-swift-pm",
      "kind" : "remoteSourceControl",
      "location" : "https://github.com/ionic-team/capacitor-swift-pm.git",
      "state" : {
        "branch" : "main",
        "revision" : "bc99a4197e8a966c99912a644a9aa5710f7e3409"
      }
    }
  ],
  "version" : 2
}
